
Microsoft Visual Studio Solution File, Format Version 12.00
# Visual Studio Version 17
VisualStudioVersion = 17.1.32104.313
MinimumVisualStudioVersion = 10.0.40219.1
Project("{FAE04EC0-301F-11D3-BF4B-00C04F79EFBC}") = "API", "API\API.csproj", "{522D74F8-2082-4FF5-BFEF-D98B79D8B2F3}"
EndProject
Global
	GlobalSection(SolutionConfigurationPlatforms) = preSolution
		Debug|Any CPU = Debug|Any CPU
		Release|Any CPU = Release|Any CPU
	EndGlobalSection
	GlobalSection(ProjectConfigurationPlatforms) = postSolution
		{522D74F8-2082-4FF5-BFEF-D98B79D8B2F3}.Debug|Any CPU.ActiveCfg = Debug|Any CPU
		{522D74F8-2082-4FF5-BFEF-D98B79D8B2F3}.Debug|Any CPU.Build.0 = Debug|Any CPU
		{522D74F8-2082-4FF5-BFEF-D98B79D8B2F3}.Release|Any CPU.ActiveCfg = Release|Any CPU
		{522D74F8-2082-4FF5-BFEF-D98B79D8B2F3}.Release|Any CPU.Build.0 = Release|Any CPU
	EndGlobalSection
	GlobalSection(SolutionProperties) = preSolution
		HideSolutionNode = FALSE
	EndGlobalSection
	GlobalSection(ExtensibilityGlobals) = postSolution
		SolutionGuid = {5A5B82A2-0C7A-435E-95AE-C152F54EA0BC}
	EndGlobalSection
EndGlobal
